PODS:
  - TinyConstraints (4.0.0)

DEPENDENCIES:
  - TinyConstraints

SPEC REPOS:
  https://github.com/cocoapods/specs.git:
    - TinyConstraints

SPEC CHECKSUMS:
  TinyConstraints: 03bc091844b98c18dbaead8b1153242a42721b56

PODFILE CHECKSUM: a851281f555f1e82851232c8c56a59c15579bf6b

COCOAPODS: 1.7.1
